
Microsoft Visual Studio Solution File, Format Version 12.00
# Visual Studio Version 17
VisualStudioVersion = 17.5.33414.496
MinimumVisualStudioVersion = 10.0.40219.1
Project("{FAE04EC0-301F-11D3-BF4B-00C04F79EFBC}") = "Ejercicio 2", "Ejercicio 2\Ejercicio 2.csproj", "{81780A01-0D83-4FDD-A259-A6A295239AEB}"
EndProject
Global
	GlobalSection(SolutionConfigurationPlatforms) = preSolution
		Debug|Any CPU = Debug|Any CPU
		Release|Any CPU = Release|Any CPU
	EndGlobalSection
	GlobalSection(ProjectConfigurationPlatforms) = postSolution
		{81780A01-0D83-4FDD-A259-A6A295239AEB}.Debug|Any CPU.ActiveCfg = Debug|Any CPU
		{81780A01-0D83-4FDD-A259-A6A295239AEB}.Debug|Any CPU.Build.0 = Debug|Any CPU
		{81780A01-0D83-4FDD-A259-A6A295239AEB}.Release|Any CPU.ActiveCfg = Release|Any CPU
		{81780A01-0D83-4FDD-A259-A6A295239AEB}.Release|Any CPU.Build.0 = Release|Any CPU
	EndGlobalSection
	GlobalSection(SolutionProperties) = preSolution
		HideSolutionNode = FALSE
	EndGlobalSection
	GlobalSection(ExtensibilityGlobals) = postSolution
		SolutionGuid = {455B4A4A-CC42-439E-80C5-E6D83038A76D}
	EndGlobalSection
EndGlobal
